
Microsoft Visual Studio Solution File, Format Version 12.00
Project("{FAE04EC0-301F-11D3-BF4B-00C04F79EFBC}") = "quickshift-frontend-blazor", "quickshift-frontend-blazor\quickshift-frontend-blazor.csproj", "{278D46C1-EB37-4E59-BBBD-D7EF4ACF77DF}"
EndProject
Project("{2150E333-8FDC-42A3-9474-1A3956D46DE8}") = "Client", "Client", "{98C3ED36-0902-491F-942E-07FCF42E23A3}"
EndProject
Global
	GlobalSection(SolutionConfigurationPlatforms) = preSolution
		Debug|Any CPU = Debug|Any CPU
		Release|Any CPU = Release|Any CPU
	EndGlobalSection
	GlobalSection(ProjectConfigurationPlatforms) = postSolution
		{278D46C1-EB37-4E59-BBBD-D7EF4ACF77DF}.Debug|Any CPU.ActiveCfg = Debug|Any CPU
		{278D46C1-EB37-4E59-BBBD-D7EF4ACF77DF}.Debug|Any CPU.Build.0 = Debug|Any CPU
		{278D46C1-EB37-4E59-BBBD-D7EF4ACF77DF}.Release|Any CPU.ActiveCfg = Release|Any CPU
		{278D46C1-EB37-4E59-BBBD-D7EF4ACF77DF}.Release|Any CPU.Build.0 = Release|Any CPU
	EndGlobalSection
	GlobalSection(NestedProjects) = preSolution
		{278D46C1-EB37-4E59-BBBD-D7EF4ACF77DF} = {98C3ED36-0902-491F-942E-07FCF42E23A3}
	EndGlobalSection
EndGlobal
